
Microsoft Visual Studio Solution File, Format Version 12.00
# Visual Studio Version 17
VisualStudioVersion = 17.10.34928.147
MinimumVisualStudioVersion = 10.0.40219.1
Project("{FAE04EC0-301F-11D3-BF4B-00C04F79EFBC}") = "TSWindowsFormsApp1", "TSWindowsFormsApp1.csproj", "{B4097E0E-24E1-480D-A2C2-54307065DD0B}"
EndProject
Project("{54435603-DBB4-11D2-8724-00A0C9A8B90C}") = "Tech Support Tools Installer", "..\Tech Support Tools Installer\Tech Support Tools Installer.vdproj", "{7FDECA2B-2D0B-418B-925E-ADA30E766A05}"
EndProject
Global
	GlobalSection(SolutionConfigurationPlatforms) = preSolution
		Debug|Any CPU = Debug|Any CPU
		Release|Any CPU = Release|Any CPU
	EndGlobalSection
	GlobalSection(ProjectConfigurationPlatforms) = postSolution
		{B4097E0E-24E1-480D-A2C2-54307065DD0B}.Debug|Any CPU.ActiveCfg = Debug|Any CPU
		{B4097E0E-24E1-480D-A2C2-54307065DD0B}.Debug|Any CPU.Build.0 = Debug|Any CPU
		{B4097E0E-24E1-480D-A2C2-54307065DD0B}.Release|Any CPU.ActiveCfg = Release|Any CPU
		{B4097E0E-24E1-480D-A2C2-54307065DD0B}.Release|Any CPU.Build.0 = Release|Any CPU
		{7FDECA2B-2D0B-418B-925E-ADA30E766A05}.Debug|Any CPU.ActiveCfg = Debug
		{7FDECA2B-2D0B-418B-925E-ADA30E766A05}.Debug|Any CPU.Build.0 = Debug
		{7FDECA2B-2D0B-418B-925E-ADA30E766A05}.Release|Any CPU.ActiveCfg = Release
		{7FDECA2B-2D0B-418B-925E-ADA30E766A05}.Release|Any CPU.Build.0 = Release
	EndGlobalSection
	GlobalSection(SolutionProperties) = preSolution
		HideSolutionNode = FALSE
	EndGlobalSection
	GlobalSection(ExtensibilityGlobals) = postSolution
		SolutionGuid = {04A01A7C-355F-41BC-A05A-9A708B5FBBB6}
	EndGlobalSection
EndGlobal
